<Solution>
  <Folder Name="/Helpers/">
    <Project Path="AdditionalHelpers/AdditionalHelpers.csproj" Id="f45d4600-43ea-4a5a-8bfe-aa4b1eb85a0f" />
    <Project Path="CommonObjects/CommonObjects.csproj" Id="63622330-76dc-4b2e-abb7-7f1a4ff31f02" />
    <Project Path="CommunicationLibrary/CommunicationLibrary.csproj" Id="3d58e754-be84-4619-9af9-4e08a7558ad5" />
    <Project Path="DataSaveHelpers/DataSaveHelpers.csproj" />
    <Project Path="SecurityLibrary/SecurityLibrary.csproj" Id="da4bb2f8-6158-4f2d-a9d0-6cdde4a684f6" />
  </Folder>
  <Folder Name="/Helpers/Tests/">
    <Project Path="SecurityLibraryTest/SecurityLibraryTest.csproj" Id="3a83075b-823e-4bea-a10d-9957953b0727" />
  </Folder>
  <Folder Name="/Tests/">
    <Project Path="SpoofEntranceServiceTest/SpoofEntranceServiceTest.csproj" Id="b28ac64f-ad5f-4c0e-8202-2a25de064288" />
    <Project Path="SpoofMessageServiceTests/SpoofMessageServiceTests.csproj" Id="b0a9596c-bde3-489a-a8e7-c6b640e951cc" />
    <Project Path="SpoofSettingsServiceTests/SpoofSettingsServiceTests.csproj" Id="48948a50-5a09-4512-9e20-08706cee14d2" />
  </Folder>
  <Project Path="SpoofEntranceService/SpoofEntranceService.csproj" />
  <Project Path="SpoofFileService/SpoofFileService.csproj" Id="22f535c8-80da-4d6c-a0c2-700a80cdb699" />
  <Project Path="SpoofMessageService/SpoofMessageService.csproj" Id="06d0894e-1f39-4b27-bd7b-071cf005af37" />
  <Project Path="SpoofSettingsService/SpoofSettingsService.csproj" Id="82a51fca-9b95-4d7f-b4db-19c383428826" />
</Solution>
